
Microsoft Visual Studio Solution File, Format Version 12.00
Project("{FAE04EC0-301F-11D3-BF4B-00C04F79EFBC}") = "ConsoleApp", "ConsoleApp\ConsoleApp.csproj", "{0DD433EE-0611-414C-BDD0-64934475E5D1}"
EndProject
Project("{FAE04EC0-301F-11D3-BF4B-00C04F79EFBC}") = "OrderLibrary", "OrderLibrary\OrderLibrary.csproj", "{33F47D9A-4F05-48A2-BD65-241905D5CAEB}"
EndProject
Project("{FAE04EC0-301F-11D3-BF4B-00C04F79EFBC}") = "OrderLibrary.Tests", "OrderLibrary.Tests\OrderLibrary.Tests.csproj", "{8C6A395E-5FCD-4106-BB04-EEB695477F50}"
EndProject
Global
	GlobalSection(SolutionConfigurationPlatforms) = preSolution
		Debug|Any CPU = Debug|Any CPU
		Release|Any CPU = Release|Any CPU
	EndGlobalSection
	GlobalSection(ProjectConfigurationPlatforms) = postSolution
		{0DD433EE-0611-414C-BDD0-64934475E5D1}.Debug|Any CPU.ActiveCfg = Debug|Any CPU
		{0DD433EE-0611-414C-BDD0-64934475E5D1}.Debug|Any CPU.Build.0 = Debug|Any CPU
		{0DD433EE-0611-414C-BDD0-64934475E5D1}.Release|Any CPU.ActiveCfg = Release|Any CPU
		{0DD433EE-0611-414C-BDD0-64934475E5D1}.Release|Any CPU.Build.0 = Release|Any CPU
		{33F47D9A-4F05-48A2-BD65-241905D5CAEB}.Debug|Any CPU.ActiveCfg = Debug|Any CPU
		{33F47D9A-4F05-48A2-BD65-241905D5CAEB}.Debug|Any CPU.Build.0 = Debug|Any CPU
		{33F47D9A-4F05-48A2-BD65-241905D5CAEB}.Release|Any CPU.ActiveCfg = Release|Any CPU
		{33F47D9A-4F05-48A2-BD65-241905D5CAEB}.Release|Any CPU.Build.0 = Release|Any CPU
		{8C6A395E-5FCD-4106-BB04-EEB695477F50}.Debug|Any CPU.ActiveCfg = Debug|Any CPU
		{8C6A395E-5FCD-4106-BB04-EEB695477F50}.Debug|Any CPU.Build.0 = Debug|Any CPU
		{8C6A395E-5FCD-4106-BB04-EEB695477F50}.Release|Any CPU.ActiveCfg = Release|Any CPU
		{8C6A395E-5FCD-4106-BB04-EEB695477F50}.Release|Any CPU.Build.0 = Release|Any CPU
	EndGlobalSection
EndGlobal
